
Microsoft Visual Studio Solution File, Format Version 12.00
# Visual Studio 15
VisualStudioVersion = 15.0.28307.960
MinimumVisualStudioVersion = 10.0.40219.1
Project("{8BC9CEB8-8B4A-11D0-8D11-00A0C91BC942}") = "RT_Parallel", "RT_Parallel\RT_Parallel.vcxproj", "{7F1AB99A-4136-4440-A4ED-016EE9182365}"
EndProject
Global
	GlobalSection(SolutionConfigurationPlatforms) = preSolution
		Debug|Win32 = Debug|Win32
		Debug|x64 = Debug|x64
		Debug|x86 = Debug|x86
		Release|Win32 = Release|Win32
		Release|x64 = Release|x64
		Release|x86 = Release|x86
	EndGlobalSection
	GlobalSection(ProjectConfigurationPlatforms) = postSolution
		{7F1AB99A-4136-4440-A4ED-016EE9182365}.Debug|Win32.ActiveCfg = Debug|Win32
		{7F1AB99A-4136-4440-A4ED-016EE9182365}.Debug|Win32.Build.0 = Debug|Win32
		{7F1AB99A-4136-4440-A4ED-016EE9182365}.Debug|x64.ActiveCfg = Debug|x64
		{7F1AB99A-4136-4440-A4ED-016EE9182365}.Debug|x64.Build.0 = Debug|x64
		{7F1AB99A-4136-4440-A4ED-016EE9182365}.Debug|x86.ActiveCfg = Debug|Win32
		{7F1AB99A-4136-4440-A4ED-016EE9182365}.Debug|x86.Build.0 = Debug|Win32
		{7F1AB99A-4136-4440-A4ED-016EE9182365}.Release|Win32.ActiveCfg = Release|Win32
		{7F1AB99A-4136-4440-A4ED-016EE9182365}.Release|Win32.Build.0 = Release|Win32
		{7F1AB99A-4136-4440-A4ED-016EE9182365}.Release|x64.ActiveCfg = Release|x64
		{7F1AB99A-4136-4440-A4ED-016EE9182365}.Release|x64.Build.0 = Release|x64
		{7F1AB99A-4136-4440-A4ED-016EE9182365}.Release|x86.ActiveCfg = Release|Win32
		{7F1AB99A-4136-4440-A4ED-016EE9182365}.Release|x86.Build.0 = Release|Win32
	EndGlobalSection
	GlobalSection(SolutionProperties) = preSolution
		HideSolutionNode = FALSE
	EndGlobalSection
	GlobalSection(ExtensibilityGlobals) = postSolution
		SolutionGuid = {F1CC17EB-98C1-4F97-8AC9-C4D577A7296B}
	EndGlobalSection
EndGlobal
